
Microsoft Visual Studio Solution File, Format Version 12.00
# Visual Studio Version 17
VisualStudioVersion = 17.1.32210.238
MinimumVisualStudioVersion = 10.0.40219.1
Project("{888888A0-9F3D-457C-B088-3A5042F75D52}") = "StringToArray", "StringToArray.pyproj", "{EC02BE11-35A4-49D7-BE0A-F4F1689F47D1}"
EndProject
Global
	GlobalSection(SolutionConfigurationPlatforms) = preSolution
		Debug|Any CPU = Debug|Any CPU
		Release|Any CPU = Release|Any CPU
	EndGlobalSection
	GlobalSection(ProjectConfigurationPlatforms) = postSolution
		{EC02BE11-35A4-49D7-BE0A-F4F1689F47D1}.Debug|Any CPU.ActiveCfg = Debug|Any CPU
		{EC02BE11-35A4-49D7-BE0A-F4F1689F47D1}.Release|Any CPU.ActiveCfg = Release|Any CPU
	EndGlobalSection
	GlobalSection(SolutionProperties) = preSolution
		HideSolutionNode = FALSE
	EndGlobalSection
	GlobalSection(ExtensibilityGlobals) = postSolution
		SolutionGuid = {E83F38AA-27D4-40C3-8DFF-FA2D22AF6FA5}
	EndGlobalSection
EndGlobal
